
Microsoft Visual Studio Solution File, Format Version 12.00
# Visual Studio Version 17
VisualStudioVersion = 17.12.35527.113
MinimumVisualStudioVersion = 10.0.40219.1
Project("{FAE04EC0-301F-11D3-BF4B-00C04F79EFBC}") = "TcpServer", "TcpServer\TcpServer.csproj", "{B53569F5-E98A-43F9-BD23-2412D18DEFE4}"
EndProject
Project("{FAE04EC0-301F-11D3-BF4B-00C04F79EFBC}") = "UdpServer", "..\UdpServer\UdpServer\UdpServer.csproj", "{774C0D17-F018-47B3-ADF8-1E759228FC2B}"
EndProject
Project("{FAE04EC0-301F-11D3-BF4B-00C04F79EFBC}") = "TcpServerThread", "..\TcpServerThread\TcpServerThread\TcpServerThread.csproj", "{2931CF58-BE88-4A7F-B95E-8C538ACABC92}"
EndProject
Project("{FAE04EC0-301F-11D3-BF4B-00C04F79EFBC}") = "UdpServerThread", "..\UdpServerThread\UdpServerThread\UdpServerThread.csproj", "{7F7BA5E5-059B-4142-996A-DCC75F6E3708}"
EndProject
Global
	GlobalSection(SolutionConfigurationPlatforms) = preSolution
		Debug|Any CPU = Debug|Any CPU
		Release|Any CPU = Release|Any CPU
	EndGlobalSection
	GlobalSection(ProjectConfigurationPlatforms) = postSolution
		{B53569F5-E98A-43F9-BD23-2412D18DEFE4}.Debug|Any CPU.ActiveCfg = Debug|Any CPU
		{B53569F5-E98A-43F9-BD23-2412D18DEFE4}.Debug|Any CPU.Build.0 = Debug|Any CPU
		{B53569F5-E98A-43F9-BD23-2412D18DEFE4}.Release|Any CPU.ActiveCfg = Release|Any CPU
		{B53569F5-E98A-43F9-BD23-2412D18DEFE4}.Release|Any CPU.Build.0 = Release|Any CPU
		{774C0D17-F018-47B3-ADF8-1E759228FC2B}.Debug|Any CPU.ActiveCfg = Debug|Any CPU
		{774C0D17-F018-47B3-ADF8-1E759228FC2B}.Debug|Any CPU.Build.0 = Debug|Any CPU
		{774C0D17-F018-47B3-ADF8-1E759228FC2B}.Release|Any CPU.ActiveCfg = Release|Any CPU
		{774C0D17-F018-47B3-ADF8-1E759228FC2B}.Release|Any CPU.Build.0 = Release|Any CPU
		{2931CF58-BE88-4A7F-B95E-8C538ACABC92}.Debug|Any CPU.ActiveCfg = Debug|Any CPU
		{2931CF58-BE88-4A7F-B95E-8C538ACABC92}.Debug|Any CPU.Build.0 = Debug|Any CPU
		{2931CF58-BE88-4A7F-B95E-8C538ACABC92}.Release|Any CPU.ActiveCfg = Release|Any CPU
		{2931CF58-BE88-4A7F-B95E-8C538ACABC92}.Release|Any CPU.Build.0 = Release|Any CPU
		{7F7BA5E5-059B-4142-996A-DCC75F6E3708}.Debug|Any CPU.ActiveCfg = Debug|Any CPU
		{7F7BA5E5-059B-4142-996A-DCC75F6E3708}.Debug|Any CPU.Build.0 = Debug|Any CPU
		{7F7BA5E5-059B-4142-996A-DCC75F6E3708}.Release|Any CPU.ActiveCfg = Release|Any CPU
		{7F7BA5E5-059B-4142-996A-DCC75F6E3708}.Release|Any CPU.Build.0 = Release|Any CPU
	EndGlobalSection
	GlobalSection(SolutionProperties) = preSolution
		HideSolutionNode = FALSE
	EndGlobalSection
EndGlobal
